
Microsoft Visual Studio Solution File, Format Version 12.00
# Visual Studio Version 17
VisualStudioVersion = 17.8.34322.80
MinimumVisualStudioVersion = 10.0.40219.1
Project("{FAE04EC0-301F-11D3-BF4B-00C04F79EFBC}") = "VRS", "VRS\VRS.csproj", "{BE7BC42C-2F57-4F43-8998-22247BEACB4B}"
EndProject
Global
	GlobalSection(SolutionConfigurationPlatforms) = preSolution
		Debug|Any CPU = Debug|Any CPU
		Release|Any CPU = Release|Any CPU
	EndGlobalSection
	GlobalSection(ProjectConfigurationPlatforms) = postSolution
		{BE7BC42C-2F57-4F43-8998-22247BEACB4B}.Debug|Any CPU.ActiveCfg = Debug|Any CPU
		{BE7BC42C-2F57-4F43-8998-22247BEACB4B}.Debug|Any CPU.Build.0 = Debug|Any CPU
		{BE7BC42C-2F57-4F43-8998-22247BEACB4B}.Release|Any CPU.ActiveCfg = Release|Any CPU
		{BE7BC42C-2F57-4F43-8998-22247BEACB4B}.Release|Any CPU.Build.0 = Release|Any CPU
	EndGlobalSection
	GlobalSection(SolutionProperties) = preSolution
		HideSolutionNode = FALSE
	EndGlobalSection
	GlobalSection(ExtensibilityGlobals) = postSolution
		SolutionGuid = {ACB49C02-A07D-46D9-8A12-0CE77DDA7DB2}
	EndGlobalSection
EndGlobal
